
Microsoft Visual Studio Solution File, Format Version 12.00
# Visual Studio 2012
Project("{FAE04EC0-301F-11D3-BF4B-00C04F79EFBC}") = "IntraWebApp", "IntraWebApp.csproj", "{CA7928F8-4703-488F-B0CB-A454BA3A52E4}"
EndProject
Project("{FAE04EC0-301F-11D3-BF4B-00C04F79EFBC}") = "IntraWebApp.Services", "IntraWebApp.Services\IntraWebApp.Services.csproj", "{37916EA4-E083-42C2-A590-76D8E71A40A4}"
EndProject
Global
	GlobalSection(SolutionConfigurationPlatforms) = preSolution
		Debug|Any CPU = Debug|Any CPU
		Release|Any CPU = Release|Any CPU
	EndGlobalSection
	GlobalSection(ProjectConfigurationPlatforms) = postSolution
		{CA7928F8-4703-488F-B0CB-A454BA3A52E4}.Debug|Any CPU.ActiveCfg = Debug|Any CPU
		{CA7928F8-4703-488F-B0CB-A454BA3A52E4}.Debug|Any CPU.Build.0 = Debug|Any CPU
		{CA7928F8-4703-488F-B0CB-A454BA3A52E4}.Release|Any CPU.ActiveCfg = Release|Any CPU
		{CA7928F8-4703-488F-B0CB-A454BA3A52E4}.Release|Any CPU.Build.0 = Release|Any CPU
		{37916EA4-E083-42C2-A590-76D8E71A40A4}.Debug|Any CPU.ActiveCfg = Debug|Any CPU
		{37916EA4-E083-42C2-A590-76D8E71A40A4}.Debug|Any CPU.Build.0 = Debug|Any CPU
		{37916EA4-E083-42C2-A590-76D8E71A40A4}.Release|Any CPU.ActiveCfg = Release|Any CPU
		{37916EA4-E083-42C2-A590-76D8E71A40A4}.Release|Any CPU.Build.0 = Release|Any CPU
	EndGlobalSection
EndGlobal
